
Microsoft Visual Studio Solution File, Format Version 12.00
# Visual Studio 15
VisualStudioVersion = 15.0.28010.2050
MinimumVisualStudioVersion = 10.0.40219.1
Project("{888888A0-9F3D-457C-B088-3A5042F75D52}") = "Questionnaire reader", "Questionnaire reader\Questionnaire reader.pyproj", "{FD1F493A-AE5C-466C-9F50-19864425E2CF}"
EndProject
Global
	GlobalSection(SolutionConfigurationPlatforms) = preSolution
		Debug|Any CPU = Debug|Any CPU
		Release|Any CPU = Release|Any CPU
	EndGlobalSection
	GlobalSection(ProjectConfigurationPlatforms) = postSolution
		{FD1F493A-AE5C-466C-9F50-19864425E2CF}.Debug|Any CPU.ActiveCfg = Debug|Any CPU
		{FD1F493A-AE5C-466C-9F50-19864425E2CF}.Release|Any CPU.ActiveCfg = Release|Any CPU
	EndGlobalSection
	GlobalSection(SolutionProperties) = preSolution
		HideSolutionNode = FALSE
	EndGlobalSection
	GlobalSection(ExtensibilityGlobals) = postSolution
		SolutionGuid = {EA5ED396-C2D0-48C9-86BB-93AA0088F7D2}
	EndGlobalSection
EndGlobal
